
Microsoft Visual Studio Solution File, Format Version 12.00
# Visual Studio 15
VisualStudioVersion = 15.0.26124.0
MinimumVisualStudioVersion = 15.0.26124.0
Project("{2150E333-8FDC-42A3-9474-1A3956D46DE8}") = "src", "src", "{2958FF3A-0B32-4B55-9B68-345F5C241B93}"
EndProject
Project("{F2A71F9B-5D33-465A-A702-920D77279786}") = "Temporal.Core", "src\Temporal.Core\Temporal.Core.fsproj", "{5928DC62-E20E-433E-BE00-3AFCD81EF016}"
EndProject
Project("{2150E333-8FDC-42A3-9474-1A3956D46DE8}") = "tests", "tests", "{AD389D10-6419-4D48-9D01-D623FAB9250E}"
EndProject
Project("{F2A71F9B-5D33-465A-A702-920D77279786}") = "Temporal.Core.Tests", "tests\Temporal.Core.Tests\Temporal.Core.Tests.fsproj", "{AB65B758-1E03-48EB-97F4-CC17FE66101C}"
EndProject
Project("{F2A71F9B-5D33-465A-A702-920D77279786}") = "Temporal.Core.Input", "src\Temporal.Core.Input\Temporal.Core.Input.fsproj", "{E40D7ABB-2498-48D9-8E93-6102F7638074}"
EndProject
Project("{F2A71F9B-5D33-465A-A702-920D77279786}") = "Temporal.Core.Input.Tests", "tests\Temporal.Core.Input.Tests\Temporal.Core.Input.Tests.fsproj", "{8C045522-83B6-451A-B508-7862A514D6F7}"
EndProject
Project("{F2A71F9B-5D33-465A-A702-920D77279786}") = "Temporal.Core.Domain", "src\Temporal.Core.Domain\Temporal.Core.Domain.fsproj", "{A1D67999-7985-4DFD-B63D-EF90B708D52C}"
EndProject
Project("{F2A71F9B-5D33-465A-A702-920D77279786}") = "Temporal.Core.Domain.Tests", "tests\Temporal.Core.Domain.Tests\Temporal.Core.Domain.Tests.fsproj", "{AEA65FA2-8C44-44F8-B1D8-5BB7EEB4EC69}"
EndProject
Global
	GlobalSection(SolutionConfigurationPlatforms) = preSolution
		Debug|Any CPU = Debug|Any CPU
		Debug|x64 = Debug|x64
		Debug|x86 = Debug|x86
		Release|Any CPU = Release|Any CPU
		Release|x64 = Release|x64
		Release|x86 = Release|x86
	EndGlobalSection
	GlobalSection(SolutionProperties) = preSolution
		HideSolutionNode = FALSE
	EndGlobalSection
	GlobalSection(ProjectConfigurationPlatforms) = postSolution
		{5928DC62-E20E-433E-BE00-3AFCD81EF016}.Debug|Any CPU.ActiveCfg = Debug|Any CPU
		{5928DC62-E20E-433E-BE00-3AFCD81EF016}.Debug|Any CPU.Build.0 = Debug|Any CPU
		{5928DC62-E20E-433E-BE00-3AFCD81EF016}.Debug|x64.ActiveCfg = Debug|Any CPU
		{5928DC62-E20E-433E-BE00-3AFCD81EF016}.Debug|x64.Build.0 = Debug|Any CPU
		{5928DC62-E20E-433E-BE00-3AFCD81EF016}.Debug|x86.ActiveCfg = Debug|Any CPU
		{5928DC62-E20E-433E-BE00-3AFCD81EF016}.Debug|x86.Build.0 = Debug|Any CPU
		{5928DC62-E20E-433E-BE00-3AFCD81EF016}.Release|Any CPU.ActiveCfg = Release|Any CPU
		{5928DC62-E20E-433E-BE00-3AFCD81EF016}.Release|Any CPU.Build.0 = Release|Any CPU
		{5928DC62-E20E-433E-BE00-3AFCD81EF016}.Release|x64.ActiveCfg = Release|Any CPU
		{5928DC62-E20E-433E-BE00-3AFCD81EF016}.Release|x64.Build.0 = Release|Any CPU
		{5928DC62-E20E-433E-BE00-3AFCD81EF016}.Release|x86.ActiveCfg = Release|Any CPU
		{5928DC62-E20E-433E-BE00-3AFCD81EF016}.Release|x86.Build.0 = Release|Any CPU
		{AB65B758-1E03-48EB-97F4-CC17FE66101C}.Debug|Any CPU.ActiveCfg = Debug|Any CPU
		{AB65B758-1E03-48EB-97F4-CC17FE66101C}.Debug|Any CPU.Build.0 = Debug|Any CPU
		{AB65B758-1E03-48EB-97F4-CC17FE66101C}.Debug|x64.ActiveCfg = Debug|Any CPU
		{AB65B758-1E03-48EB-97F4-CC17FE66101C}.Debug|x64.Build.0 = Debug|Any CPU
		{AB65B758-1E03-48EB-97F4-CC17FE66101C}.Debug|x86.ActiveCfg = Debug|Any CPU
		{AB65B758-1E03-48EB-97F4-CC17FE66101C}.Debug|x86.Build.0 = Debug|Any CPU
		{AB65B758-1E03-48EB-97F4-CC17FE66101C}.Release|Any CPU.ActiveCfg = Release|Any CPU
		{AB65B758-1E03-48EB-97F4-CC17FE66101C}.Release|Any CPU.Build.0 = Release|Any CPU
		{AB65B758-1E03-48EB-97F4-CC17FE66101C}.Release|x64.ActiveCfg = Release|Any CPU
		{AB65B758-1E03-48EB-97F4-CC17FE66101C}.Release|x64.Build.0 = Release|Any CPU
		{AB65B758-1E03-48EB-97F4-CC17FE66101C}.Release|x86.ActiveCfg = Release|Any CPU
		{AB65B758-1E03-48EB-97F4-CC17FE66101C}.Release|x86.Build.0 = Release|Any CPU
		{E40D7ABB-2498-48D9-8E93-6102F7638074}.Debug|Any CPU.ActiveCfg = Debug|Any CPU
		{E40D7ABB-2498-48D9-8E93-6102F7638074}.Debug|Any CPU.Build.0 = Debug|Any CPU
		{E40D7ABB-2498-48D9-8E93-6102F7638074}.Debug|x64.ActiveCfg = Debug|Any CPU
		{E40D7ABB-2498-48D9-8E93-6102F7638074}.Debug|x64.Build.0 = Debug|Any CPU
		{E40D7ABB-2498-48D9-8E93-6102F7638074}.Debug|x86.ActiveCfg = Debug|Any CPU
		{E40D7ABB-2498-48D9-8E93-6102F7638074}.Debug|x86.Build.0 = Debug|Any CPU
		{E40D7ABB-2498-48D9-8E93-6102F7638074}.Release|Any CPU.ActiveCfg = Release|Any CPU
		{E40D7ABB-2498-48D9-8E93-6102F7638074}.Release|Any CPU.Build.0 = Release|Any CPU
		{E40D7ABB-2498-48D9-8E93-6102F7638074}.Release|x64.ActiveCfg = Release|Any CPU
		{E40D7ABB-2498-48D9-8E93-6102F7638074}.Release|x64.Build.0 = Release|Any CPU
		{E40D7ABB-2498-48D9-8E93-6102F7638074}.Release|x86.ActiveCfg = Release|Any CPU
		{E40D7ABB-2498-48D9-8E93-6102F7638074}.Release|x86.Build.0 = Release|Any CPU
		{8C045522-83B6-451A-B508-7862A514D6F7}.Debug|Any CPU.ActiveCfg = Debug|Any CPU
		{8C045522-83B6-451A-B508-7862A514D6F7}.Debug|Any CPU.Build.0 = Debug|Any CPU
		{8C045522-83B6-451A-B508-7862A514D6F7}.Debug|x64.ActiveCfg = Debug|Any CPU
		{8C045522-83B6-451A-B508-7862A514D6F7}.Debug|x64.Build.0 = Debug|Any CPU
		{8C045522-83B6-451A-B508-7862A514D6F7}.Debug|x86.ActiveCfg = Debug|Any CPU
		{8C045522-83B6-451A-B508-7862A514D6F7}.Debug|x86.Build.0 = Debug|Any CPU
		{8C045522-83B6-451A-B508-7862A514D6F7}.Release|Any CPU.ActiveCfg = Release|Any CPU
		{8C045522-83B6-451A-B508-7862A514D6F7}.Release|Any CPU.Build.0 = Release|Any CPU
		{8C045522-83B6-451A-B508-7862A514D6F7}.Release|x64.ActiveCfg = Release|Any CPU
		{8C045522-83B6-451A-B508-7862A514D6F7}.Release|x64.Build.0 = Release|Any CPU
		{8C045522-83B6-451A-B508-7862A514D6F7}.Release|x86.ActiveCfg = Release|Any CPU
		{8C045522-83B6-451A-B508-7862A514D6F7}.Release|x86.Build.0 = Release|Any CPU
		{A1D67999-7985-4DFD-B63D-EF90B708D52C}.Debug|Any CPU.ActiveCfg = Debug|Any CPU
		{A1D67999-7985-4DFD-B63D-EF90B708D52C}.Debug|Any CPU.Build.0 = Debug|Any CPU
		{A1D67999-7985-4DFD-B63D-EF90B708D52C}.Debug|x64.ActiveCfg = Debug|Any CPU
		{A1D67999-7985-4DFD-B63D-EF90B708D52C}.Debug|x64.Build.0 = Debug|Any CPU
		{A1D67999-7985-4DFD-B63D-EF90B708D52C}.Debug|x86.ActiveCfg = Debug|Any CPU
		{A1D67999-7985-4DFD-B63D-EF90B708D52C}.Debug|x86.Build.0 = Debug|Any CPU
		{A1D67999-7985-4DFD-B63D-EF90B708D52C}.Release|Any CPU.ActiveCfg = Release|Any CPU
		{A1D67999-7985-4DFD-B63D-EF90B708D52C}.Release|Any CPU.Build.0 = Release|Any CPU
		{A1D67999-7985-4DFD-B63D-EF90B708D52C}.Release|x64.ActiveCfg = Release|Any CPU
		{A1D67999-7985-4DFD-B63D-EF90B708D52C}.Release|x64.Build.0 = Release|Any CPU
		{A1D67999-7985-4DFD-B63D-EF90B708D52C}.Release|x86.ActiveCfg = Release|Any CPU
		{A1D67999-7985-4DFD-B63D-EF90B708D52C}.Release|x86.Build.0 = Release|Any CPU
		{AEA65FA2-8C44-44F8-B1D8-5BB7EEB4EC69}.Debug|Any CPU.ActiveCfg = Debug|Any CPU
		{AEA65FA2-8C44-44F8-B1D8-5BB7EEB4EC69}.Debug|Any CPU.Build.0 = Debug|Any CPU
		{AEA65FA2-8C44-44F8-B1D8-5BB7EEB4EC69}.Debug|x64.ActiveCfg = Debug|Any CPU
		{AEA65FA2-8C44-44F8-B1D8-5BB7EEB4EC69}.Debug|x64.Build.0 = Debug|Any CPU
		{AEA65FA2-8C44-44F8-B1D8-5BB7EEB4EC69}.Debug|x86.ActiveCfg = Debug|Any CPU
		{AEA65FA2-8C44-44F8-B1D8-5BB7EEB4EC69}.Debug|x86.Build.0 = Debug|Any CPU
		{AEA65FA2-8C44-44F8-B1D8-5BB7EEB4EC69}.Release|Any CPU.ActiveCfg = Release|Any CPU
		{AEA65FA2-8C44-44F8-B1D8-5BB7EEB4EC69}.Release|Any CPU.Build.0 = Release|Any CPU
		{AEA65FA2-8C44-44F8-B1D8-5BB7EEB4EC69}.Release|x64.ActiveCfg = Release|Any CPU
		{AEA65FA2-8C44-44F8-B1D8-5BB7EEB4EC69}.Release|x64.Build.0 = Release|Any CPU
		{AEA65FA2-8C44-44F8-B1D8-5BB7EEB4EC69}.Release|x86.ActiveCfg = Release|Any CPU
		{AEA65FA2-8C44-44F8-B1D8-5BB7EEB4EC69}.Release|x86.Build.0 = Release|Any CPU
	EndGlobalSection
	GlobalSection(NestedProjects) = preSolution
		{5928DC62-E20E-433E-BE00-3AFCD81EF016} = {2958FF3A-0B32-4B55-9B68-345F5C241B93}
		{AB65B758-1E03-48EB-97F4-CC17FE66101C} = {AD389D10-6419-4D48-9D01-D623FAB9250E}
		{E40D7ABB-2498-48D9-8E93-6102F7638074} = {2958FF3A-0B32-4B55-9B68-345F5C241B93}
		{8C045522-83B6-451A-B508-7862A514D6F7} = {AD389D10-6419-4D48-9D01-D623FAB9250E}
		{A1D67999-7985-4DFD-B63D-EF90B708D52C} = {2958FF3A-0B32-4B55-9B68-345F5C241B93}
		{AEA65FA2-8C44-44F8-B1D8-5BB7EEB4EC69} = {AD389D10-6419-4D48-9D01-D623FAB9250E}
	EndGlobalSection
EndGlobal
