
Microsoft Visual Studio Solution File, Format Version 12.00
# Visual Studio 15
VisualStudioVersion = 15.0.26124.0
MinimumVisualStudioVersion = 15.0.26124.0
Project("{2150E333-8FDC-42A3-9474-1A3956D46DE8}") = "src", "src", "{476A9191-4EE4-4403-9434-E6BD23BB86D5}"
EndProject
Project("{F2A71F9B-5D33-465A-A702-920D77279786}") = "Temporal.Console", "src\Temporal.Console\Temporal.Console.fsproj", "{28AC35C8-436D-44A0-BD40-CB4DDBB67BB2}"
EndProject
Project("{F2A71F9B-5D33-465A-A702-920D77279786}") = "Temporal.Core.Domain", "src\Temporal.Core.Domain\Temporal.Core.Domain.fsproj", "{2B8DFD81-58D5-4E50-A917-DD040F425ACD}"
EndProject
Project("{F2A71F9B-5D33-465A-A702-920D77279786}") = "Temporal.Core.Input", "src\Temporal.Core.Input\Temporal.Core.Input.fsproj", "{7CE3ADB0-7176-4E0D-9DA4-16FCD08FAC9F}"
EndProject
Project("{2150E333-8FDC-42A3-9474-1A3956D46DE8}") = "tests", "tests", "{4702421E-410C-45C3-921C-C5056B70C203}"
EndProject
Project("{F2A71F9B-5D33-465A-A702-920D77279786}") = "Temporal.Core.Domain.Tests", "tests\Temporal.Core.Domain.Tests\Temporal.Core.Domain.Tests.fsproj", "{3B7584C8-DF46-415E-A2A4-C92854FC3B2B}"
EndProject
Project("{F2A71F9B-5D33-465A-A702-920D77279786}") = "Temporal.Core.Input.Tests", "tests\Temporal.Core.Input.Tests\Temporal.Core.Input.Tests.fsproj", "{23EE434C-C92B-4DC5-9C13-05D24363B90B}"
EndProject
Global
	GlobalSection(SolutionConfigurationPlatforms) = preSolution
		Debug|Any CPU = Debug|Any CPU
		Debug|x64 = Debug|x64
		Debug|x86 = Debug|x86
		Release|Any CPU = Release|Any CPU
		Release|x64 = Release|x64
		Release|x86 = Release|x86
	EndGlobalSection
	GlobalSection(SolutionProperties) = preSolution
		HideSolutionNode = FALSE
	EndGlobalSection
	GlobalSection(ProjectConfigurationPlatforms) = postSolution
		{28AC35C8-436D-44A0-BD40-CB4DDBB67BB2}.Debug|Any CPU.ActiveCfg = Debug|Any CPU
		{28AC35C8-436D-44A0-BD40-CB4DDBB67BB2}.Debug|Any CPU.Build.0 = Debug|Any CPU
		{28AC35C8-436D-44A0-BD40-CB4DDBB67BB2}.Debug|x64.ActiveCfg = Debug|Any CPU
		{28AC35C8-436D-44A0-BD40-CB4DDBB67BB2}.Debug|x64.Build.0 = Debug|Any CPU
		{28AC35C8-436D-44A0-BD40-CB4DDBB67BB2}.Debug|x86.ActiveCfg = Debug|Any CPU
		{28AC35C8-436D-44A0-BD40-CB4DDBB67BB2}.Debug|x86.Build.0 = Debug|Any CPU
		{28AC35C8-436D-44A0-BD40-CB4DDBB67BB2}.Release|Any CPU.ActiveCfg = Release|Any CPU
		{28AC35C8-436D-44A0-BD40-CB4DDBB67BB2}.Release|Any CPU.Build.0 = Release|Any CPU
		{28AC35C8-436D-44A0-BD40-CB4DDBB67BB2}.Release|x64.ActiveCfg = Release|Any CPU
		{28AC35C8-436D-44A0-BD40-CB4DDBB67BB2}.Release|x64.Build.0 = Release|Any CPU
		{28AC35C8-436D-44A0-BD40-CB4DDBB67BB2}.Release|x86.ActiveCfg = Release|Any CPU
		{28AC35C8-436D-44A0-BD40-CB4DDBB67BB2}.Release|x86.Build.0 = Release|Any CPU
		{2B8DFD81-58D5-4E50-A917-DD040F425ACD}.Debug|Any CPU.ActiveCfg = Debug|Any CPU
		{2B8DFD81-58D5-4E50-A917-DD040F425ACD}.Debug|Any CPU.Build.0 = Debug|Any CPU
		{2B8DFD81-58D5-4E50-A917-DD040F425ACD}.Debug|x64.ActiveCfg = Debug|Any CPU
		{2B8DFD81-58D5-4E50-A917-DD040F425ACD}.Debug|x64.Build.0 = Debug|Any CPU
		{2B8DFD81-58D5-4E50-A917-DD040F425ACD}.Debug|x86.ActiveCfg = Debug|Any CPU
		{2B8DFD81-58D5-4E50-A917-DD040F425ACD}.Debug|x86.Build.0 = Debug|Any CPU
		{2B8DFD81-58D5-4E50-A917-DD040F425ACD}.Release|Any CPU.ActiveCfg = Release|Any CPU
		{2B8DFD81-58D5-4E50-A917-DD040F425ACD}.Release|Any CPU.Build.0 = Release|Any CPU
		{2B8DFD81-58D5-4E50-A917-DD040F425ACD}.Release|x64.ActiveCfg = Release|Any CPU
		{2B8DFD81-58D5-4E50-A917-DD040F425ACD}.Release|x64.Build.0 = Release|Any CPU
		{2B8DFD81-58D5-4E50-A917-DD040F425ACD}.Release|x86.ActiveCfg = Release|Any CPU
		{2B8DFD81-58D5-4E50-A917-DD040F425ACD}.Release|x86.Build.0 = Release|Any CPU
		{7CE3ADB0-7176-4E0D-9DA4-16FCD08FAC9F}.Debug|Any CPU.ActiveCfg = Debug|Any CPU
		{7CE3ADB0-7176-4E0D-9DA4-16FCD08FAC9F}.Debug|Any CPU.Build.0 = Debug|Any CPU
		{7CE3ADB0-7176-4E0D-9DA4-16FCD08FAC9F}.Debug|x64.ActiveCfg = Debug|Any CPU
		{7CE3ADB0-7176-4E0D-9DA4-16FCD08FAC9F}.Debug|x64.Build.0 = Debug|Any CPU
		{7CE3ADB0-7176-4E0D-9DA4-16FCD08FAC9F}.Debug|x86.ActiveCfg = Debug|Any CPU
		{7CE3ADB0-7176-4E0D-9DA4-16FCD08FAC9F}.Debug|x86.Build.0 = Debug|Any CPU
		{7CE3ADB0-7176-4E0D-9DA4-16FCD08FAC9F}.Release|Any CPU.ActiveCfg = Release|Any CPU
		{7CE3ADB0-7176-4E0D-9DA4-16FCD08FAC9F}.Release|Any CPU.Build.0 = Release|Any CPU
		{7CE3ADB0-7176-4E0D-9DA4-16FCD08FAC9F}.Release|x64.ActiveCfg = Release|Any CPU
		{7CE3ADB0-7176-4E0D-9DA4-16FCD08FAC9F}.Release|x64.Build.0 = Release|Any CPU
		{7CE3ADB0-7176-4E0D-9DA4-16FCD08FAC9F}.Release|x86.ActiveCfg = Release|Any CPU
		{7CE3ADB0-7176-4E0D-9DA4-16FCD08FAC9F}.Release|x86.Build.0 = Release|Any CPU
		{3B7584C8-DF46-415E-A2A4-C92854FC3B2B}.Debug|Any CPU.ActiveCfg = Debug|Any CPU
		{3B7584C8-DF46-415E-A2A4-C92854FC3B2B}.Debug|Any CPU.Build.0 = Debug|Any CPU
		{3B7584C8-DF46-415E-A2A4-C92854FC3B2B}.Debug|x64.ActiveCfg = Debug|Any CPU
		{3B7584C8-DF46-415E-A2A4-C92854FC3B2B}.Debug|x64.Build.0 = Debug|Any CPU
		{3B7584C8-DF46-415E-A2A4-C92854FC3B2B}.Debug|x86.ActiveCfg = Debug|Any CPU
		{3B7584C8-DF46-415E-A2A4-C92854FC3B2B}.Debug|x86.Build.0 = Debug|Any CPU
		{3B7584C8-DF46-415E-A2A4-C92854FC3B2B}.Release|Any CPU.ActiveCfg = Release|Any CPU
		{3B7584C8-DF46-415E-A2A4-C92854FC3B2B}.Release|Any CPU.Build.0 = Release|Any CPU
		{3B7584C8-DF46-415E-A2A4-C92854FC3B2B}.Release|x64.ActiveCfg = Release|Any CPU
		{3B7584C8-DF46-415E-A2A4-C92854FC3B2B}.Release|x64.Build.0 = Release|Any CPU
		{3B7584C8-DF46-415E-A2A4-C92854FC3B2B}.Release|x86.ActiveCfg = Release|Any CPU
		{3B7584C8-DF46-415E-A2A4-C92854FC3B2B}.Release|x86.Build.0 = Release|Any CPU
		{23EE434C-C92B-4DC5-9C13-05D24363B90B}.Debug|Any CPU.ActiveCfg = Debug|Any CPU
		{23EE434C-C92B-4DC5-9C13-05D24363B90B}.Debug|Any CPU.Build.0 = Debug|Any CPU
		{23EE434C-C92B-4DC5-9C13-05D24363B90B}.Debug|x64.ActiveCfg = Debug|Any CPU
		{23EE434C-C92B-4DC5-9C13-05D24363B90B}.Debug|x64.Build.0 = Debug|Any CPU
		{23EE434C-C92B-4DC5-9C13-05D24363B90B}.Debug|x86.ActiveCfg = Debug|Any CPU
		{23EE434C-C92B-4DC5-9C13-05D24363B90B}.Debug|x86.Build.0 = Debug|Any CPU
		{23EE434C-C92B-4DC5-9C13-05D24363B90B}.Release|Any CPU.ActiveCfg = Release|Any CPU
		{23EE434C-C92B-4DC5-9C13-05D24363B90B}.Release|Any CPU.Build.0 = Release|Any CPU
		{23EE434C-C92B-4DC5-9C13-05D24363B90B}.Release|x64.ActiveCfg = Release|Any CPU
		{23EE434C-C92B-4DC5-9C13-05D24363B90B}.Release|x64.Build.0 = Release|Any CPU
		{23EE434C-C92B-4DC5-9C13-05D24363B90B}.Release|x86.ActiveCfg = Release|Any CPU
		{23EE434C-C92B-4DC5-9C13-05D24363B90B}.Release|x86.Build.0 = Release|Any CPU
	EndGlobalSection
	GlobalSection(NestedProjects) = preSolution
		{28AC35C8-436D-44A0-BD40-CB4DDBB67BB2} = {476A9191-4EE4-4403-9434-E6BD23BB86D5}
		{2B8DFD81-58D5-4E50-A917-DD040F425ACD} = {476A9191-4EE4-4403-9434-E6BD23BB86D5}
		{7CE3ADB0-7176-4E0D-9DA4-16FCD08FAC9F} = {476A9191-4EE4-4403-9434-E6BD23BB86D5}
		{3B7584C8-DF46-415E-A2A4-C92854FC3B2B} = {4702421E-410C-45C3-921C-C5056B70C203}
		{23EE434C-C92B-4DC5-9C13-05D24363B90B} = {4702421E-410C-45C3-921C-C5056B70C203}
	EndGlobalSection
EndGlobal
